// !$*UTF8*$!
{
	archiveVersion = 1;
	classes = {
	};
	objectVersion = 50;
	objects = {

/* Begin PBXFileReference section */
		8CC8AD29258BAD050082E5FC /* hipparcos.py */ = {isa = PBXFileReference; lastKnownFileType = text.script.python; path = hipparcos.py; sourceTree = "<group>"; };
		8CC8AD2A258C07A60082E5FC /* Create geometry columns.sql */ = {isa = PBXFileReference; lastKnownFileType = text; path = "Create geometry columns.sql"; sourceTree = "<group>"; };
		8CC8AD2B258C07A60082E5FC /* ReadMe */ = {isa = PBXFileReference; lastKnownFileType = text; name = ReadMe; path = "../../../../../Volumes/RAID 1/Users/grahamgiller/Dropbox/Data/Hipparcos/ReadMe"; sourceTree = "<group>"; };
/* End PBXFileReference section */

/* Begin PBXGroup section */
		8CC8AD22258BACC40082E5FC = {
			isa = PBXGroup;
			children = (
				8CC8AD2A258C07A60082E5FC /* Create geometry columns.sql */,
				8CC8AD2B258C07A60082E5FC /* ReadMe */,
				8CC8AD29258BAD050082E5FC /* hipparcos.py */,
			);
			sourceTree = "<group>";
		};
/* End PBXGroup section */

/* Begin PBXProject section */
		8CC8AD23258BACC40082E5FC /* Project object */ = {
			isa = PBXProject;
			attributes = {
				LastUpgradeCheck = 1220;
			};
			buildConfigurationList = 8CC8AD26258BACC40082E5FC /* Build configuration list for PBXProject "Hipparcos" */;
			compatibilityVersion = "Xcode 9.3";
			developmentRegion = en;
			hasScannedForEncodings = 0;
			knownRegions = (
				en,
				Base,
			);
			mainGroup = 8CC8AD22258BACC40082E5FC;
			projectDirPath = "";
			projectRoot = "";
			targets = (
			);
		};
/* End PBXProject section */

/* Begin XCBuildConfiguration section */
		8CC8AD27258BACC40082E5FC /* Debug */ = {
			isa = XCBuildConfiguration;
			buildSettings = {
			};
			name = Debug;
		};
		8CC8AD28258BACC40082E5FC /* Release */ = {
			isa = XCBuildConfiguration;
			buildSettings = {
			};
			name = Release;
		};
/* End XCBuildConfiguration section */

/* Begin XCConfigurationList section */
		8CC8AD26258BACC40082E5FC /* Build configuration list for PBXProject "Hipparcos" */ = {
			isa = XCConfigurationList;
			buildConfigurations = (
				8CC8AD27258BACC40082E5FC /* Debug */,
				8CC8AD28258BACC40082E5FC /* Release */,
			);
			defaultConfigurationIsVisible = 0;
			defaultConfigurationName = Release;
		};
/* End XCConfigurationList section */
	};
	rootObject = 8CC8AD23258BACC40082E5FC /* Project object */;
}
